
Microsoft Visual Studio Solution File, Format Version 12.00
# Visual Studio Version 16
VisualStudioVersion = 16.0.30114.105
MinimumVisualStudioVersion = 10.0.40219.1
Project("{2150E333-8FDC-42A3-9474-1A3956D46DE8}") = "src", "src", "{E6E05D9E-F16B-406A-8FF0-4F8D4C9462D3}"
EndProject
Project("{2150E333-8FDC-42A3-9474-1A3956D46DE8}") = "Core", "Core", "{263DEF5C-9466-4837-8112-DB3ED4742607}"
EndProject
Project("{FAE04EC0-301F-11D3-BF4B-00C04F79EFBC}") = "DiligentSharp.Core", "src\Core\DiligentSharp.Core\DiligentSharp.Core.csproj", "{037971FF-FDA8-4C7B-9F9B-F9DA8DA5A248}"
EndProject
Global
	GlobalSection(SolutionConfigurationPlatforms) = preSolution
		Debug|Any CPU = Debug|Any CPU
		Release|Any CPU = Release|Any CPU
	EndGlobalSection
	GlobalSection(SolutionProperties) = preSolution
		HideSolutionNode = FALSE
	EndGlobalSection
	GlobalSection(ProjectConfigurationPlatforms) = postSolution
		{037971FF-FDA8-4C7B-9F9B-F9DA8DA5A248}.Debug|Any CPU.ActiveCfg = Debug|Any CPU
		{037971FF-FDA8-4C7B-9F9B-F9DA8DA5A248}.Debug|Any CPU.Build.0 = Debug|Any CPU
		{037971FF-FDA8-4C7B-9F9B-F9DA8DA5A248}.Release|Any CPU.ActiveCfg = Release|Any CPU
		{037971FF-FDA8-4C7B-9F9B-F9DA8DA5A248}.Release|Any CPU.Build.0 = Release|Any CPU
	EndGlobalSection
	GlobalSection(NestedProjects) = preSolution
		{263DEF5C-9466-4837-8112-DB3ED4742607} = {E6E05D9E-F16B-406A-8FF0-4F8D4C9462D3}
		{037971FF-FDA8-4C7B-9F9B-F9DA8DA5A248} = {263DEF5C-9466-4837-8112-DB3ED4742607}
	EndGlobalSection
EndGlobal
